
Microsoft Visual Studio Solution File, Format Version 11.00
# Visual C++ Express 2010
Project("{8BC9CEB8-8B4A-11D0-8D11-00A0C91BC942}") = "MyGame(15PUZZLE)", "MyGame(15PUZZLE)\MyGame(15PUZZLE).vcxproj", "{1A02F4AD-11A2-4961-AD8B-9C33978D093F}"
EndProject
Global
	GlobalSection(SolutionConfigurationPlatforms) = preSolution
		Debug|Win32 = Debug|Win32
		Release|Win32 = Release|Win32
	EndGlobalSection
	GlobalSection(ProjectConfigurationPlatforms) = postSolution
		{1A02F4AD-11A2-4961-AD8B-9C33978D093F}.Debug|Win32.ActiveCfg = Debug|Win32
		{1A02F4AD-11A2-4961-AD8B-9C33978D093F}.Debug|Win32.Build.0 = Debug|Win32
		{1A02F4AD-11A2-4961-AD8B-9C33978D093F}.Release|Win32.ActiveCfg = Release|Win32
		{1A02F4AD-11A2-4961-AD8B-9C33978D093F}.Release|Win32.Build.0 = Release|Win32
	EndGlobalSection
	GlobalSection(SolutionProperties) = preSolution
		HideSolutionNode = FALSE
	EndGlobalSection
EndGlobal
